
Microsoft Visual Studio Solution File, Format Version 12.00
# Visual Studio 15
VisualStudioVersion = 15.0.27703.2042
MinimumVisualStudioVersion = 10.0.40219.1
Project("{9A19103F-16F7-4668-BE54-9A1E7A4F7556}") = "modbus-notmodbus", "modbus-notmodbus.csproj", "{4402D7C7-9709-4063-B1A4-47C4FEB195AC}"
EndProject
Global
	GlobalSection(SolutionConfigurationPlatforms) = preSolution
		Debug|Any CPU = Debug|Any CPU
		Release|Any CPU = Release|Any CPU
	EndGlobalSection
	GlobalSection(ProjectConfigurationPlatforms) = postSolution
		{4402D7C7-9709-4063-B1A4-47C4FEB195AC}.Debug|Any CPU.ActiveCfg = Debug|Any CPU
		{4402D7C7-9709-4063-B1A4-47C4FEB195AC}.Debug|Any CPU.Build.0 = Debug|Any CPU
		{4402D7C7-9709-4063-B1A4-47C4FEB195AC}.Release|Any CPU.ActiveCfg = Release|Any CPU
		{4402D7C7-9709-4063-B1A4-47C4FEB195AC}.Release|Any CPU.Build.0 = Release|Any CPU
	EndGlobalSection
	GlobalSection(SolutionProperties) = preSolution
		HideSolutionNode = FALSE
	EndGlobalSection
	GlobalSection(ExtensibilityGlobals) = postSolution
		SolutionGuid = {F5B9FC61-3EC4-41DC-8EF4-422CBA66FE94}
	EndGlobalSection
EndGlobal
